
Microsoft Visual Studio Solution File, Format Version 12.00
# Visual Studio Version 17
VisualStudioVersion = 17.8.34330.188
MinimumVisualStudioVersion = 10.0.40219.1
Project("{9A19103F-16F7-4668-BE54-9A1E7A4F7556}") = "TasksApp.Services.Api", "TasksApp.Services.Api\TasksApp.Services.Api.csproj", "{587D8DF7-0E6D-465B-93D8-4C5C3B789464}"
EndProject
Project("{2150E333-8FDC-42A3-9474-1A3956D46DE8}") = "API", "API", "{59DEA6FE-B249-4EE0-8F15-3BD5E31A1BD5}"
EndProject
Project("{2150E333-8FDC-42A3-9474-1A3956D46DE8}") = "DDD", "DDD", "{35D2EAFC-204A-4E2C-B615-0C7CF5E546E5}"
EndProject
Project("{2150E333-8FDC-42A3-9474-1A3956D46DE8}") = "TESTS", "TESTS", "{34442412-A61A-496B-BD06-9CE6F63FEA4A}"
EndProject
Project("{2150E333-8FDC-42A3-9474-1A3956D46DE8}") = "Application", "Application", "{3A89E3D3-E8AF-40D6-BFF4-64AC321E94AB}"
EndProject
Project("{2150E333-8FDC-42A3-9474-1A3956D46DE8}") = "Domain", "Domain", "{DD7C3300-C979-4ABB-B15B-AD09510A2F3E}"
EndProject
Project("{2150E333-8FDC-42A3-9474-1A3956D46DE8}") = "Infraestructure", "Infraestructure", "{F8199656-6EBE-42F3-BDAF-AC253DD5E301}"
EndProject
Project("{2150E333-8FDC-42A3-9474-1A3956D46DE8}") = "IntegrationTest", "IntegrationTest", "{C04968AB-E85E-4D45-9ECF-2AA581E13C49}"
EndProject
Project("{2150E333-8FDC-42A3-9474-1A3956D46DE8}") = "UnitTest", "UnitTest", "{53DA71B4-49EA-4C3C-98CD-839623B8F130}"
EndProject
Project("{9A19103F-16F7-4668-BE54-9A1E7A4F7556}") = "TasksApp.Application", "TasksApp.Application\TasksApp.Application.csproj", "{D145DF5C-5630-4A16-9AC2-0E3C081BBD5A}"
EndProject
Project("{9A19103F-16F7-4668-BE54-9A1E7A4F7556}") = "TasksApp.Domain", "TasksApp.Domain\TasksApp.Domain.csproj", "{FF0DD2D6-8002-4E57-A287-87251086C03C}"
EndProject
Project("{9A19103F-16F7-4668-BE54-9A1E7A4F7556}") = "TasksApp.Domain.Core", "TasksApp.Domain.Core\TasksApp.Domain.Core.csproj", "{5D733C16-6D5A-4A07-B156-47EBE359D62F}"
EndProject
Project("{9A19103F-16F7-4668-BE54-9A1E7A4F7556}") = "TasksApp.Infraestructure.Data", "TasksApp.Infraestructure.Data\TasksApp.Infraestructure.Data.csproj", "{93EE8F71-A091-4BBB-ABBA-799536AFEB42}"
EndProject
Project("{9A19103F-16F7-4668-BE54-9A1E7A4F7556}") = "TasksApp.Infraestructure.IoC", "TasksApp.Infraestructure.IoC\TasksApp.Infraestructure.IoC.csproj", "{2C558E08-787D-4020-BBDC-CF79E6A0495B}"
EndProject
Project("{9A19103F-16F7-4668-BE54-9A1E7A4F7556}") = "TasksApp.Integration.Tests", "TasksApp.Integration.Tests\TasksApp.Integration.Tests.csproj", "{BC700B5B-330F-472A-A529-224D5C63A898}"
EndProject
Project("{9A19103F-16F7-4668-BE54-9A1E7A4F7556}") = "TasksApp.Unit.Tests", "TasksApp.Unit.Tests\TasksApp.Unit.Tests.csproj", "{C9B4B2FD-2996-4DFC-A19C-F92BAC77C1F7}"
EndProject
Project("{E53339B2-1760-4266-BCC7-CA923CBCF16C}") = "docker-compose", "docker-compose.dcproj", "{38D7E41D-5469-4BDE-88C6-6BCEBCCE2DA9}"
EndProject
Global
	GlobalSection(SolutionConfigurationPlatforms) = preSolution
		Debug|Any CPU = Debug|Any CPU
		Release|Any CPU = Release|Any CPU
	EndGlobalSection
	GlobalSection(ProjectConfigurationPlatforms) = postSolution
		{587D8DF7-0E6D-465B-93D8-4C5C3B789464}.Debug|Any CPU.ActiveCfg = Debug|Any CPU
		{587D8DF7-0E6D-465B-93D8-4C5C3B789464}.Debug|Any CPU.Build.0 = Debug|Any CPU
		{587D8DF7-0E6D-465B-93D8-4C5C3B789464}.Release|Any CPU.ActiveCfg = Release|Any CPU
		{587D8DF7-0E6D-465B-93D8-4C5C3B789464}.Release|Any CPU.Build.0 = Release|Any CPU
		{D145DF5C-5630-4A16-9AC2-0E3C081BBD5A}.Debug|Any CPU.ActiveCfg = Debug|Any CPU
		{D145DF5C-5630-4A16-9AC2-0E3C081BBD5A}.Debug|Any CPU.Build.0 = Debug|Any CPU
		{D145DF5C-5630-4A16-9AC2-0E3C081BBD5A}.Release|Any CPU.ActiveCfg = Release|Any CPU
		{D145DF5C-5630-4A16-9AC2-0E3C081BBD5A}.Release|Any CPU.Build.0 = Release|Any CPU
		{FF0DD2D6-8002-4E57-A287-87251086C03C}.Debug|Any CPU.ActiveCfg = Debug|Any CPU
		{FF0DD2D6-8002-4E57-A287-87251086C03C}.Debug|Any CPU.Build.0 = Debug|Any CPU
		{FF0DD2D6-8002-4E57-A287-87251086C03C}.Release|Any CPU.ActiveCfg = Release|Any CPU
		{FF0DD2D6-8002-4E57-A287-87251086C03C}.Release|Any CPU.Build.0 = Release|Any CPU
		{5D733C16-6D5A-4A07-B156-47EBE359D62F}.Debug|Any CPU.ActiveCfg = Debug|Any CPU
		{5D733C16-6D5A-4A07-B156-47EBE359D62F}.Debug|Any CPU.Build.0 = Debug|Any CPU
		{5D733C16-6D5A-4A07-B156-47EBE359D62F}.Release|Any CPU.ActiveCfg = Release|Any CPU
		{5D733C16-6D5A-4A07-B156-47EBE359D62F}.Release|Any CPU.Build.0 = Release|Any CPU
		{93EE8F71-A091-4BBB-ABBA-799536AFEB42}.Debug|Any CPU.ActiveCfg = Debug|Any CPU
		{93EE8F71-A091-4BBB-ABBA-799536AFEB42}.Debug|Any CPU.Build.0 = Debug|Any CPU
		{93EE8F71-A091-4BBB-ABBA-799536AFEB42}.Release|Any CPU.ActiveCfg = Release|Any CPU
		{93EE8F71-A091-4BBB-ABBA-799536AFEB42}.Release|Any CPU.Build.0 = Release|Any CPU
		{2C558E08-787D-4020-BBDC-CF79E6A0495B}.Debug|Any CPU.ActiveCfg = Debug|Any CPU
		{2C558E08-787D-4020-BBDC-CF79E6A0495B}.Debug|Any CPU.Build.0 = Debug|Any CPU
		{2C558E08-787D-4020-BBDC-CF79E6A0495B}.Release|Any CPU.ActiveCfg = Release|Any CPU
		{2C558E08-787D-4020-BBDC-CF79E6A0495B}.Release|Any CPU.Build.0 = Release|Any CPU
		{BC700B5B-330F-472A-A529-224D5C63A898}.Debug|Any CPU.ActiveCfg = Debug|Any CPU
		{BC700B5B-330F-472A-A529-224D5C63A898}.Debug|Any CPU.Build.0 = Debug|Any CPU
		{BC700B5B-330F-472A-A529-224D5C63A898}.Release|Any CPU.ActiveCfg = Release|Any CPU
		{BC700B5B-330F-472A-A529-224D5C63A898}.Release|Any CPU.Build.0 = Release|Any CPU
		{C9B4B2FD-2996-4DFC-A19C-F92BAC77C1F7}.Debug|Any CPU.ActiveCfg = Debug|Any CPU
		{C9B4B2FD-2996-4DFC-A19C-F92BAC77C1F7}.Debug|Any CPU.Build.0 = Debug|Any CPU
		{C9B4B2FD-2996-4DFC-A19C-F92BAC77C1F7}.Release|Any CPU.ActiveCfg = Release|Any CPU
		{C9B4B2FD-2996-4DFC-A19C-F92BAC77C1F7}.Release|Any CPU.Build.0 = Release|Any CPU
		{38D7E41D-5469-4BDE-88C6-6BCEBCCE2DA9}.Debug|Any CPU.ActiveCfg = Debug|Any CPU
		{38D7E41D-5469-4BDE-88C6-6BCEBCCE2DA9}.Debug|Any CPU.Build.0 = Debug|Any CPU
		{38D7E41D-5469-4BDE-88C6-6BCEBCCE2DA9}.Release|Any CPU.ActiveCfg = Release|Any CPU
		{38D7E41D-5469-4BDE-88C6-6BCEBCCE2DA9}.Release|Any CPU.Build.0 = Release|Any CPU
	EndGlobalSection
	GlobalSection(SolutionProperties) = preSolution
		HideSolutionNode = FALSE
	EndGlobalSection
	GlobalSection(NestedProjects) = preSolution
		{587D8DF7-0E6D-465B-93D8-4C5C3B789464} = {59DEA6FE-B249-4EE0-8F15-3BD5E31A1BD5}
		{3A89E3D3-E8AF-40D6-BFF4-64AC321E94AB} = {35D2EAFC-204A-4E2C-B615-0C7CF5E546E5}
		{DD7C3300-C979-4ABB-B15B-AD09510A2F3E} = {35D2EAFC-204A-4E2C-B615-0C7CF5E546E5}
		{F8199656-6EBE-42F3-BDAF-AC253DD5E301} = {35D2EAFC-204A-4E2C-B615-0C7CF5E546E5}
		{C04968AB-E85E-4D45-9ECF-2AA581E13C49} = {34442412-A61A-496B-BD06-9CE6F63FEA4A}
		{53DA71B4-49EA-4C3C-98CD-839623B8F130} = {34442412-A61A-496B-BD06-9CE6F63FEA4A}
		{D145DF5C-5630-4A16-9AC2-0E3C081BBD5A} = {3A89E3D3-E8AF-40D6-BFF4-64AC321E94AB}
		{FF0DD2D6-8002-4E57-A287-87251086C03C} = {DD7C3300-C979-4ABB-B15B-AD09510A2F3E}
		{5D733C16-6D5A-4A07-B156-47EBE359D62F} = {DD7C3300-C979-4ABB-B15B-AD09510A2F3E}
		{93EE8F71-A091-4BBB-ABBA-799536AFEB42} = {F8199656-6EBE-42F3-BDAF-AC253DD5E301}
		{2C558E08-787D-4020-BBDC-CF79E6A0495B} = {F8199656-6EBE-42F3-BDAF-AC253DD5E301}
		{BC700B5B-330F-472A-A529-224D5C63A898} = {C04968AB-E85E-4D45-9ECF-2AA581E13C49}
		{C9B4B2FD-2996-4DFC-A19C-F92BAC77C1F7} = {53DA71B4-49EA-4C3C-98CD-839623B8F130}
	EndGlobalSection
	GlobalSection(ExtensibilityGlobals) = postSolution
		SolutionGuid = {5E106D73-9535-48ED-A406-22E7348B8B98}
	EndGlobalSection
EndGlobal
